
Microsoft Visual Studio Solution File, Format Version 12.00
# Visual Studio Version 17
VisualStudioVersion = 17.0.31903.59
MinimumVisualStudioVersion = 10.0.40219.1
Project("{2150E333-8FDC-42A3-9474-1A3956D46DE8}") = "src", "src", "{77029C06-E602-4C17-A6C9-AE17699410C8}"
EndProject
Project("{2150E333-8FDC-42A3-9474-1A3956D46DE8}") = "Modules", "Modules", "{57F75EF4-B16F-4F45-B662-FFC9DA5C5F8C}"
EndProject
Project("{2150E333-8FDC-42A3-9474-1A3956D46DE8}") = "Empresa", "Empresa", "{134A1FF4-88F5-4A91-B44C-32103A41B5B1}"
EndProject
Project("{9A19103F-16F7-4668-BE54-9A1E7A4F7556}") = "Empresa.Domain", "src\Modules\Empresa\Empresa.Domain\Empresa.Domain.csproj", "{33949CF0-E23C-4B1B-9FC0-BF3EA9B580A3}"
EndProject
Project("{9A19103F-16F7-4668-BE54-9A1E7A4F7556}") = "Empresa.Application", "src\Modules\Empresa\Empresa.Application\Empresa.Application.csproj", "{F3D09614-61A5-447B-B572-B5B37AD28561}"
EndProject
Project("{9A19103F-16F7-4668-BE54-9A1E7A4F7556}") = "Empresa.Infrastructure", "src\Modules\Empresa\Empresa.Infrastructure\Empresa.Infrastructure.csproj", "{228534F2-CED7-44A1-80F8-0C65FEF99C6C}"
EndProject
Project("{9A19103F-16F7-4668-BE54-9A1E7A4F7556}") = "Empresa.Presentation", "src\Modules\Empresa\Empresa.Presentation\Empresa.Presentation.csproj", "{2520A221-E671-47EF-A6AD-11FA89EBB668}"
EndProject
Project("{9A19103F-16F7-4668-BE54-9A1E7A4F7556}") = "Api", "src\Api\Api.csproj", "{6ACCEC09-DB05-418E-B18D-F27089C8C5A4}"
EndProject
Project("{9A19103F-16F7-4668-BE54-9A1E7A4F7556}") = "Shared", "src\Shared\Shared.csproj", "{04646640-8F5E-4521-B454-9F3401D545B3}"
EndProject
Project("{2150E333-8FDC-42A3-9474-1A3956D46DE8}") = "Usuario", "Usuario", "{B635BB11-9A23-4367-8957-ADF78F214979}"
EndProject
Project("{9A19103F-16F7-4668-BE54-9A1E7A4F7556}") = "Usuario.Domain", "src\Modules\Usuario\Usuario.Domain\Usuario.Domain.csproj", "{9E15F2B3-C0FF-4F60-8829-D133FC974683}"
EndProject
Project("{9A19103F-16F7-4668-BE54-9A1E7A4F7556}") = "Usuario.Application", "src\Modules\Usuario\Usuario.Application\Usuario.Application.csproj", "{17D0A251-8203-4419-B104-7C2A166214D3}"
EndProject
Project("{9A19103F-16F7-4668-BE54-9A1E7A4F7556}") = "Usuario.Infrastructure", "src\Modules\Usuario\Usuario.Infrastructure\Usuario.Infrastructure.csproj", "{40CCDDA9-6C65-4CFF-98D7-D17CD08D4F77}"
EndProject
Project("{9A19103F-16F7-4668-BE54-9A1E7A4F7556}") = "Usuario.Presentation", "src\Modules\Usuario\Usuario.Presentation\Usuario.Presentation.csproj", "{2CADF2D8-CA85-4BF2-9687-6AB0F53493A1}"
EndProject
Project("{2150E333-8FDC-42A3-9474-1A3956D46DE8}") = "Archivo", "Archivo", "{C99DD933-7084-4E04-B2CA-3BAD1D80AA1A}"
EndProject
Project("{9A19103F-16F7-4668-BE54-9A1E7A4F7556}") = "Archivo.Domain", "src\Modules\Archivo\Archivo.Domain\Archivo.Domain.csproj", "{5CA807B8-3243-491B-B481-52C8013F8352}"
EndProject
Project("{9A19103F-16F7-4668-BE54-9A1E7A4F7556}") = "Archivo.Application", "src\Modules\Archivo\Archivo.Application\Archivo.Application.csproj", "{395CF5A8-CF2F-46B0-838A-71138BFD2977}"
EndProject
Project("{9A19103F-16F7-4668-BE54-9A1E7A4F7556}") = "Archivo.Infrastructure", "src\Modules\Archivo\Archivo.Infrastructure\Archivo.Infrastructure.csproj", "{1DE2E8F3-7D39-457B-8B96-A6B1006FFA7F}"
EndProject
Project("{9A19103F-16F7-4668-BE54-9A1E7A4F7556}") = "Archivo.Presentation", "src\Modules\Archivo\Archivo.Presentation\Archivo.Presentation.csproj", "{987EE2C2-0232-4966-B0AC-B4D4BDC1E8CC}"
EndProject
Global
	GlobalSection(SolutionConfigurationPlatforms) = preSolution
		Debug|Any CPU = Debug|Any CPU
		Release|Any CPU = Release|Any CPU
	EndGlobalSection
	GlobalSection(ProjectConfigurationPlatforms) = postSolution
		{33949CF0-E23C-4B1B-9FC0-BF3EA9B580A3}.Debug|Any CPU.ActiveCfg = Debug|Any CPU
		{33949CF0-E23C-4B1B-9FC0-BF3EA9B580A3}.Debug|Any CPU.Build.0 = Debug|Any CPU
		{33949CF0-E23C-4B1B-9FC0-BF3EA9B580A3}.Release|Any CPU.ActiveCfg = Release|Any CPU
		{33949CF0-E23C-4B1B-9FC0-BF3EA9B580A3}.Release|Any CPU.Build.0 = Release|Any CPU
		{F3D09614-61A5-447B-B572-B5B37AD28561}.Debug|Any CPU.ActiveCfg = Debug|Any CPU
		{F3D09614-61A5-447B-B572-B5B37AD28561}.Debug|Any CPU.Build.0 = Debug|Any CPU
		{F3D09614-61A5-447B-B572-B5B37AD28561}.Release|Any CPU.ActiveCfg = Release|Any CPU
		{F3D09614-61A5-447B-B572-B5B37AD28561}.Release|Any CPU.Build.0 = Release|Any CPU
		{228534F2-CED7-44A1-80F8-0C65FEF99C6C}.Debug|Any CPU.ActiveCfg = Debug|Any CPU
		{228534F2-CED7-44A1-80F8-0C65FEF99C6C}.Debug|Any CPU.Build.0 = Debug|Any CPU
		{228534F2-CED7-44A1-80F8-0C65FEF99C6C}.Release|Any CPU.ActiveCfg = Release|Any CPU
		{228534F2-CED7-44A1-80F8-0C65FEF99C6C}.Release|Any CPU.Build.0 = Release|Any CPU
		{2520A221-E671-47EF-A6AD-11FA89EBB668}.Debug|Any CPU.ActiveCfg = Debug|Any CPU
		{2520A221-E671-47EF-A6AD-11FA89EBB668}.Debug|Any CPU.Build.0 = Debug|Any CPU
		{2520A221-E671-47EF-A6AD-11FA89EBB668}.Release|Any CPU.ActiveCfg = Release|Any CPU
		{2520A221-E671-47EF-A6AD-11FA89EBB668}.Release|Any CPU.Build.0 = Release|Any CPU
		{6ACCEC09-DB05-418E-B18D-F27089C8C5A4}.Debug|Any CPU.ActiveCfg = Debug|Any CPU
		{6ACCEC09-DB05-418E-B18D-F27089C8C5A4}.Debug|Any CPU.Build.0 = Debug|Any CPU
		{6ACCEC09-DB05-418E-B18D-F27089C8C5A4}.Release|Any CPU.ActiveCfg = Release|Any CPU
		{6ACCEC09-DB05-418E-B18D-F27089C8C5A4}.Release|Any CPU.Build.0 = Release|Any CPU
		{04646640-8F5E-4521-B454-9F3401D545B3}.Debug|Any CPU.ActiveCfg = Debug|Any CPU
		{04646640-8F5E-4521-B454-9F3401D545B3}.Debug|Any CPU.Build.0 = Debug|Any CPU
		{04646640-8F5E-4521-B454-9F3401D545B3}.Release|Any CPU.ActiveCfg = Release|Any CPU
		{04646640-8F5E-4521-B454-9F3401D545B3}.Release|Any CPU.Build.0 = Release|Any CPU
		{9E15F2B3-C0FF-4F60-8829-D133FC974683}.Debug|Any CPU.ActiveCfg = Debug|Any CPU
		{9E15F2B3-C0FF-4F60-8829-D133FC974683}.Debug|Any CPU.Build.0 = Debug|Any CPU
		{9E15F2B3-C0FF-4F60-8829-D133FC974683}.Release|Any CPU.ActiveCfg = Release|Any CPU
		{9E15F2B3-C0FF-4F60-8829-D133FC974683}.Release|Any CPU.Build.0 = Release|Any CPU
		{17D0A251-8203-4419-B104-7C2A166214D3}.Debug|Any CPU.ActiveCfg = Debug|Any CPU
		{17D0A251-8203-4419-B104-7C2A166214D3}.Debug|Any CPU.Build.0 = Debug|Any CPU
		{17D0A251-8203-4419-B104-7C2A166214D3}.Release|Any CPU.ActiveCfg = Release|Any CPU
		{17D0A251-8203-4419-B104-7C2A166214D3}.Release|Any CPU.Build.0 = Release|Any CPU
		{40CCDDA9-6C65-4CFF-98D7-D17CD08D4F77}.Debug|Any CPU.ActiveCfg = Debug|Any CPU
		{40CCDDA9-6C65-4CFF-98D7-D17CD08D4F77}.Debug|Any CPU.Build.0 = Debug|Any CPU
		{40CCDDA9-6C65-4CFF-98D7-D17CD08D4F77}.Release|Any CPU.ActiveCfg = Release|Any CPU
		{40CCDDA9-6C65-4CFF-98D7-D17CD08D4F77}.Release|Any CPU.Build.0 = Release|Any CPU
		{2CADF2D8-CA85-4BF2-9687-6AB0F53493A1}.Debug|Any CPU.ActiveCfg = Debug|Any CPU
		{2CADF2D8-CA85-4BF2-9687-6AB0F53493A1}.Debug|Any CPU.Build.0 = Debug|Any CPU
		{2CADF2D8-CA85-4BF2-9687-6AB0F53493A1}.Release|Any CPU.ActiveCfg = Release|Any CPU
		{2CADF2D8-CA85-4BF2-9687-6AB0F53493A1}.Release|Any CPU.Build.0 = Release|Any CPU
		{5CA807B8-3243-491B-B481-52C8013F8352}.Debug|Any CPU.ActiveCfg = Debug|Any CPU
		{5CA807B8-3243-491B-B481-52C8013F8352}.Debug|Any CPU.Build.0 = Debug|Any CPU
		{5CA807B8-3243-491B-B481-52C8013F8352}.Release|Any CPU.ActiveCfg = Release|Any CPU
		{5CA807B8-3243-491B-B481-52C8013F8352}.Release|Any CPU.Build.0 = Release|Any CPU
		{395CF5A8-CF2F-46B0-838A-71138BFD2977}.Debug|Any CPU.ActiveCfg = Debug|Any CPU
		{395CF5A8-CF2F-46B0-838A-71138BFD2977}.Debug|Any CPU.Build.0 = Debug|Any CPU
		{395CF5A8-CF2F-46B0-838A-71138BFD2977}.Release|Any CPU.ActiveCfg = Release|Any CPU
		{395CF5A8-CF2F-46B0-838A-71138BFD2977}.Release|Any CPU.Build.0 = Release|Any CPU
		{1DE2E8F3-7D39-457B-8B96-A6B1006FFA7F}.Debug|Any CPU.ActiveCfg = Debug|Any CPU
		{1DE2E8F3-7D39-457B-8B96-A6B1006FFA7F}.Debug|Any CPU.Build.0 = Debug|Any CPU
		{1DE2E8F3-7D39-457B-8B96-A6B1006FFA7F}.Release|Any CPU.ActiveCfg = Release|Any CPU
		{1DE2E8F3-7D39-457B-8B96-A6B1006FFA7F}.Release|Any CPU.Build.0 = Release|Any CPU
		{987EE2C2-0232-4966-B0AC-B4D4BDC1E8CC}.Debug|Any CPU.ActiveCfg = Debug|Any CPU
		{987EE2C2-0232-4966-B0AC-B4D4BDC1E8CC}.Debug|Any CPU.Build.0 = Debug|Any CPU
		{987EE2C2-0232-4966-B0AC-B4D4BDC1E8CC}.Release|Any CPU.ActiveCfg = Release|Any CPU
		{987EE2C2-0232-4966-B0AC-B4D4BDC1E8CC}.Release|Any CPU.Build.0 = Release|Any CPU
	EndGlobalSection
	GlobalSection(SolutionProperties) = preSolution
		HideSolutionNode = FALSE
	EndGlobalSection
	GlobalSection(NestedProjects) = preSolution
		{57F75EF4-B16F-4F45-B662-FFC9DA5C5F8C} = {77029C06-E602-4C17-A6C9-AE17699410C8}
		{134A1FF4-88F5-4A91-B44C-32103A41B5B1} = {57F75EF4-B16F-4F45-B662-FFC9DA5C5F8C}
		{33949CF0-E23C-4B1B-9FC0-BF3EA9B580A3} = {134A1FF4-88F5-4A91-B44C-32103A41B5B1}
		{F3D09614-61A5-447B-B572-B5B37AD28561} = {134A1FF4-88F5-4A91-B44C-32103A41B5B1}
		{228534F2-CED7-44A1-80F8-0C65FEF99C6C} = {134A1FF4-88F5-4A91-B44C-32103A41B5B1}
		{2520A221-E671-47EF-A6AD-11FA89EBB668} = {134A1FF4-88F5-4A91-B44C-32103A41B5B1}
		{6ACCEC09-DB05-418E-B18D-F27089C8C5A4} = {77029C06-E602-4C17-A6C9-AE17699410C8}
		{04646640-8F5E-4521-B454-9F3401D545B3} = {77029C06-E602-4C17-A6C9-AE17699410C8}
		{B635BB11-9A23-4367-8957-ADF78F214979} = {57F75EF4-B16F-4F45-B662-FFC9DA5C5F8C}
		{9E15F2B3-C0FF-4F60-8829-D133FC974683} = {B635BB11-9A23-4367-8957-ADF78F214979}
		{17D0A251-8203-4419-B104-7C2A166214D3} = {B635BB11-9A23-4367-8957-ADF78F214979}
		{40CCDDA9-6C65-4CFF-98D7-D17CD08D4F77} = {B635BB11-9A23-4367-8957-ADF78F214979}
		{2CADF2D8-CA85-4BF2-9687-6AB0F53493A1} = {B635BB11-9A23-4367-8957-ADF78F214979}
		{C99DD933-7084-4E04-B2CA-3BAD1D80AA1A} = {57F75EF4-B16F-4F45-B662-FFC9DA5C5F8C}
		{5CA807B8-3243-491B-B481-52C8013F8352} = {C99DD933-7084-4E04-B2CA-3BAD1D80AA1A}
		{395CF5A8-CF2F-46B0-838A-71138BFD2977} = {C99DD933-7084-4E04-B2CA-3BAD1D80AA1A}
		{1DE2E8F3-7D39-457B-8B96-A6B1006FFA7F} = {C99DD933-7084-4E04-B2CA-3BAD1D80AA1A}
		{987EE2C2-0232-4966-B0AC-B4D4BDC1E8CC} = {C99DD933-7084-4E04-B2CA-3BAD1D80AA1A}
	EndGlobalSection
	GlobalSection(ExtensibilityGlobals) = postSolution
		SolutionGuid = {E8B06E46-D947-4094-8233-F0B9DBA6414A}
	EndGlobalSection
EndGlobal
